
Microsoft Visual Studio Solution File, Format Version 12.00
# Visual Studio Version 16
VisualStudioVersion = 16.0.29911.84
MinimumVisualStudioVersion = 10.0.40219.1
Project("{FAE04EC0-301F-11D3-BF4B-00C04F79EFBC}") = "FroggyRestServer", "FroggyRestServer\FroggyRestServer.csproj", "{C96199F8-8A7F-46BF-BA9E-37C68FC4941C}"
EndProject
Global
	GlobalSection(SolutionConfigurationPlatforms) = preSolution
		Debug|Any CPU = Debug|Any CPU
		Release|Any CPU = Release|Any CPU
	EndGlobalSection
	GlobalSection(ProjectConfigurationPlatforms) = postSolution
		{C96199F8-8A7F-46BF-BA9E-37C68FC4941C}.Debug|Any CPU.ActiveCfg = Debug|Any CPU
		{C96199F8-8A7F-46BF-BA9E-37C68FC4941C}.Debug|Any CPU.Build.0 = Debug|Any CPU
		{C96199F8-8A7F-46BF-BA9E-37C68FC4941C}.Release|Any CPU.ActiveCfg = Release|Any CPU
		{C96199F8-8A7F-46BF-BA9E-37C68FC4941C}.Release|Any CPU.Build.0 = Release|Any CPU
	EndGlobalSection
	GlobalSection(SolutionProperties) = preSolution
		HideSolutionNode = FALSE
	EndGlobalSection
	GlobalSection(ExtensibilityGlobals) = postSolution
		SolutionGuid = {140F5C15-A47D-4411-8A9B-8F57090F9124}
	EndGlobalSection
EndGlobal
