
Microsoft Visual Studio Solution File, Format Version 12.00
# Visual Studio Version 16
VisualStudioVersion = 16.0.29911.84
MinimumVisualStudioVersion = 10.0.40219.1
Project("{FAE04EC0-301F-11D3-BF4B-00C04F79EFBC}") = "RestTest", "RestTest\RestTest.csproj", "{378CB264-8CF9-4539-ACA1-F725B46687DD}"
EndProject
Project("{FAE04EC0-301F-11D3-BF4B-00C04F79EFBC}") = "RestTest.Tests", "RestTest.Tests\RestTest.Tests.csproj", "{F601851E-17F8-41B6-B4BD-BD37CC30E123}"
EndProject
Global
	GlobalSection(SolutionConfigurationPlatforms) = preSolution
		Debug|Any CPU = Debug|Any CPU
		Release|Any CPU = Release|Any CPU
	EndGlobalSection
	GlobalSection(ProjectConfigurationPlatforms) = postSolution
		{378CB264-8CF9-4539-ACA1-F725B46687DD}.Debug|Any CPU.ActiveCfg = Debug|Any CPU
		{378CB264-8CF9-4539-ACA1-F725B46687DD}.Debug|Any CPU.Build.0 = Debug|Any CPU
		{378CB264-8CF9-4539-ACA1-F725B46687DD}.Release|Any CPU.ActiveCfg = Release|Any CPU
		{378CB264-8CF9-4539-ACA1-F725B46687DD}.Release|Any CPU.Build.0 = Release|Any CPU
		{F601851E-17F8-41B6-B4BD-BD37CC30E123}.Debug|Any CPU.ActiveCfg = Debug|Any CPU
		{F601851E-17F8-41B6-B4BD-BD37CC30E123}.Debug|Any CPU.Build.0 = Debug|Any CPU
		{F601851E-17F8-41B6-B4BD-BD37CC30E123}.Release|Any CPU.ActiveCfg = Release|Any CPU
		{F601851E-17F8-41B6-B4BD-BD37CC30E123}.Release|Any CPU.Build.0 = Release|Any CPU
	EndGlobalSection
	GlobalSection(SolutionProperties) = preSolution
		HideSolutionNode = FALSE
	EndGlobalSection
	GlobalSection(ExtensibilityGlobals) = postSolution
		SolutionGuid = {BB42FC64-5879-40D9-B764-6FC47FBA9557}
	EndGlobalSection
EndGlobal
